
Microsoft Visual Studio Solution File, Format Version 12.00
Project("{2150E333-8FDC-42A3-9474-1A3956D46DE8}") = "libs", "libs", "{65EA669F-B401-4495-8AD8-CA19A6903316}"
EndProject
Project("{2150E333-8FDC-42A3-9474-1A3956D46DE8}") = "common", "common", "{739405A0-D3D4-4A58-8E60-9598582B1B03}"
EndProject
Project("{FAE04EC0-301F-11D3-BF4B-00C04F79EFBC}") = "GTrack.Core", "libs\common\GTrack.Core\GTrack.Core.csproj", "{51F3E983-5E61-4225-91F8-AE143AF02DD1}"
EndProject
Project("{FAE04EC0-301F-11D3-BF4B-00C04F79EFBC}") = "GTrack.Infrastructure", "libs\common\GTrack.Infrastructure\GTrack.Infrastructure.csproj", "{0C5250DB-C47E-4121-8853-B01B086C7D63}"
EndProject
Project("{2150E333-8FDC-42A3-9474-1A3956D46DE8}") = "clients", "clients", "{F2FBE261-BE76-4E49-BB53-04B8F1D5954E}"
EndProject
Project("{FAE04EC0-301F-11D3-BF4B-00C04F79EFBC}") = "GTrack.Node.Client", "libs\clients\GTrack.Node.Client\GTrack.Node.Client.csproj", "{DD5D079A-FEA1-46E4-AA20-1B5C2B0B90F6}"
EndProject
Project("{FAE04EC0-301F-11D3-BF4B-00C04F79EFBC}") = "GTrack.Station.Client", "libs\clients\GTrack.Station.Client\GTrack.Station.Client.csproj", "{540114BA-81AF-4EB8-95F7-CCF4313BEEC7}"
EndProject
Project("{2150E333-8FDC-42A3-9474-1A3956D46DE8}") = "servers", "servers", "{C5D54268-0CD5-4485-B77E-408B19781F2D}"
EndProject
Project("{FAE04EC0-301F-11D3-BF4B-00C04F79EFBC}") = "GTrack.Houston.Server", "libs\servers\GTrack.Houston.Server\GTrack.Houston.Server.csproj", "{1FE4ABAC-17B1-4136-A52B-EA89AEC03E2D}"
EndProject
Project("{FAE04EC0-301F-11D3-BF4B-00C04F79EFBC}") = "GTrack.Node.Server", "libs\servers\GTrack.Node.Server\GTrack.Node.Server.csproj", "{249F6CB7-B07E-4338-B849-5F5B87D1F216}"
EndProject
Project("{FAE04EC0-301F-11D3-BF4B-00C04F79EFBC}") = "GTrack.Station.Server", "libs\servers\GTrack.Station.Server\GTrack.Station.Server.csproj", "{F3912058-DFB9-4441-9320-95049F0D4F97}"
EndProject
Project("{2150E333-8FDC-42A3-9474-1A3956D46DE8}") = "sgp4", "sgp4", "{901EB686-A0F6-48E9-86E8-C1AE50039EE1}"
EndProject
Project("{FAE04EC0-301F-11D3-BF4B-00C04F79EFBC}") = "GTrack.SGP4", "libs\sgp4\GTrack.SGP4\GTrack.SGP4.csproj", "{C39E9839-16CD-48E3-B5FA-067B5CAFB446}"
EndProject
Project("{2150E333-8FDC-42A3-9474-1A3956D46DE8}") = "ui", "ui", "{A6F3B308-2ECB-4172-9796-61314B782F07}"
EndProject
Project("{FAE04EC0-301F-11D3-BF4B-00C04F79EFBC}") = "GTrack.Dialog.Module", "libs\ui\GTrack.Dialog.Module\GTrack.Dialog.Module.csproj", "{204A2915-3271-4B72-B65A-41E5D979F721}"
EndProject
Global
	GlobalSection(SolutionConfigurationPlatforms) = preSolution
		Debug|Any CPU = Debug|Any CPU
		Release|Any CPU = Release|Any CPU
	EndGlobalSection
	GlobalSection(NestedProjects) = preSolution
		{739405A0-D3D4-4A58-8E60-9598582B1B03} = {65EA669F-B401-4495-8AD8-CA19A6903316}
		{51F3E983-5E61-4225-91F8-AE143AF02DD1} = {739405A0-D3D4-4A58-8E60-9598582B1B03}
		{0C5250DB-C47E-4121-8853-B01B086C7D63} = {739405A0-D3D4-4A58-8E60-9598582B1B03}
		{F2FBE261-BE76-4E49-BB53-04B8F1D5954E} = {65EA669F-B401-4495-8AD8-CA19A6903316}
		{DD5D079A-FEA1-46E4-AA20-1B5C2B0B90F6} = {F2FBE261-BE76-4E49-BB53-04B8F1D5954E}
		{540114BA-81AF-4EB8-95F7-CCF4313BEEC7} = {F2FBE261-BE76-4E49-BB53-04B8F1D5954E}
		{C5D54268-0CD5-4485-B77E-408B19781F2D} = {65EA669F-B401-4495-8AD8-CA19A6903316}
		{1FE4ABAC-17B1-4136-A52B-EA89AEC03E2D} = {C5D54268-0CD5-4485-B77E-408B19781F2D}
		{249F6CB7-B07E-4338-B849-5F5B87D1F216} = {C5D54268-0CD5-4485-B77E-408B19781F2D}
		{F3912058-DFB9-4441-9320-95049F0D4F97} = {C5D54268-0CD5-4485-B77E-408B19781F2D}
		{901EB686-A0F6-48E9-86E8-C1AE50039EE1} = {65EA669F-B401-4495-8AD8-CA19A6903316}
		{C39E9839-16CD-48E3-B5FA-067B5CAFB446} = {901EB686-A0F6-48E9-86E8-C1AE50039EE1}
		{A6F3B308-2ECB-4172-9796-61314B782F07} = {65EA669F-B401-4495-8AD8-CA19A6903316}
		{204A2915-3271-4B72-B65A-41E5D979F721} = {A6F3B308-2ECB-4172-9796-61314B782F07}
	EndGlobalSection
	GlobalSection(ProjectConfigurationPlatforms) = postSolution
		{51F3E983-5E61-4225-91F8-AE143AF02DD1}.Debug|Any CPU.ActiveCfg = Debug|Any CPU
		{51F3E983-5E61-4225-91F8-AE143AF02DD1}.Debug|Any CPU.Build.0 = Debug|Any CPU
		{51F3E983-5E61-4225-91F8-AE143AF02DD1}.Release|Any CPU.ActiveCfg = Release|Any CPU
		{51F3E983-5E61-4225-91F8-AE143AF02DD1}.Release|Any CPU.Build.0 = Release|Any CPU
		{0C5250DB-C47E-4121-8853-B01B086C7D63}.Debug|Any CPU.ActiveCfg = Debug|Any CPU
		{0C5250DB-C47E-4121-8853-B01B086C7D63}.Debug|Any CPU.Build.0 = Debug|Any CPU
		{0C5250DB-C47E-4121-8853-B01B086C7D63}.Release|Any CPU.ActiveCfg = Release|Any CPU
		{0C5250DB-C47E-4121-8853-B01B086C7D63}.Release|Any CPU.Build.0 = Release|Any CPU
		{DD5D079A-FEA1-46E4-AA20-1B5C2B0B90F6}.Debug|Any CPU.ActiveCfg = Debug|Any CPU
		{DD5D079A-FEA1-46E4-AA20-1B5C2B0B90F6}.Debug|Any CPU.Build.0 = Debug|Any CPU
		{DD5D079A-FEA1-46E4-AA20-1B5C2B0B90F6}.Release|Any CPU.ActiveCfg = Release|Any CPU
		{DD5D079A-FEA1-46E4-AA20-1B5C2B0B90F6}.Release|Any CPU.Build.0 = Release|Any CPU
		{540114BA-81AF-4EB8-95F7-CCF4313BEEC7}.Debug|Any CPU.ActiveCfg = Debug|Any CPU
		{540114BA-81AF-4EB8-95F7-CCF4313BEEC7}.Debug|Any CPU.Build.0 = Debug|Any CPU
		{540114BA-81AF-4EB8-95F7-CCF4313BEEC7}.Release|Any CPU.ActiveCfg = Release|Any CPU
		{540114BA-81AF-4EB8-95F7-CCF4313BEEC7}.Release|Any CPU.Build.0 = Release|Any CPU
		{1FE4ABAC-17B1-4136-A52B-EA89AEC03E2D}.Debug|Any CPU.ActiveCfg = Debug|Any CPU
		{1FE4ABAC-17B1-4136-A52B-EA89AEC03E2D}.Debug|Any CPU.Build.0 = Debug|Any CPU
		{1FE4ABAC-17B1-4136-A52B-EA89AEC03E2D}.Release|Any CPU.ActiveCfg = Release|Any CPU
		{1FE4ABAC-17B1-4136-A52B-EA89AEC03E2D}.Release|Any CPU.Build.0 = Release|Any CPU
		{249F6CB7-B07E-4338-B849-5F5B87D1F216}.Debug|Any CPU.ActiveCfg = Debug|Any CPU
		{249F6CB7-B07E-4338-B849-5F5B87D1F216}.Debug|Any CPU.Build.0 = Debug|Any CPU
		{249F6CB7-B07E-4338-B849-5F5B87D1F216}.Release|Any CPU.ActiveCfg = Release|Any CPU
		{249F6CB7-B07E-4338-B849-5F5B87D1F216}.Release|Any CPU.Build.0 = Release|Any CPU
		{F3912058-DFB9-4441-9320-95049F0D4F97}.Debug|Any CPU.ActiveCfg = Debug|Any CPU
		{F3912058-DFB9-4441-9320-95049F0D4F97}.Debug|Any CPU.Build.0 = Debug|Any CPU
		{F3912058-DFB9-4441-9320-95049F0D4F97}.Release|Any CPU.ActiveCfg = Release|Any CPU
		{F3912058-DFB9-4441-9320-95049F0D4F97}.Release|Any CPU.Build.0 = Release|Any CPU
		{C39E9839-16CD-48E3-B5FA-067B5CAFB446}.Debug|Any CPU.ActiveCfg = Debug|Any CPU
		{C39E9839-16CD-48E3-B5FA-067B5CAFB446}.Debug|Any CPU.Build.0 = Debug|Any CPU
		{C39E9839-16CD-48E3-B5FA-067B5CAFB446}.Release|Any CPU.ActiveCfg = Release|Any CPU
		{C39E9839-16CD-48E3-B5FA-067B5CAFB446}.Release|Any CPU.Build.0 = Release|Any CPU
		{204A2915-3271-4B72-B65A-41E5D979F721}.Debug|Any CPU.ActiveCfg = Debug|Any CPU
		{204A2915-3271-4B72-B65A-41E5D979F721}.Debug|Any CPU.Build.0 = Debug|Any CPU
		{204A2915-3271-4B72-B65A-41E5D979F721}.Release|Any CPU.ActiveCfg = Release|Any CPU
		{204A2915-3271-4B72-B65A-41E5D979F721}.Release|Any CPU.Build.0 = Release|Any CPU
	EndGlobalSection
EndGlobal
